
Microsoft Visual Studio Solution File, Format Version 12.00
# Visual Studio Version 16
VisualStudioVersion = 16.0.31019.35
MinimumVisualStudioVersion = 10.0.40219.1
Project("{FAE04EC0-301F-11D3-BF4B-00C04F79EFBC}") = "AppEastView", "AppEastView\AppEastView.csproj", "{F17E67B0-3133-4138-8645-6B1E94253421}"
EndProject
Global
	GlobalSection(SolutionConfigurationPlatforms) = preSolution
		Debug|Any CPU = Debug|Any CPU
		Release|Any CPU = Release|Any CPU
	EndGlobalSection
	GlobalSection(ProjectConfigurationPlatforms) = postSolution
		{F17E67B0-3133-4138-8645-6B1E94253421}.Debug|Any CPU.ActiveCfg = Debug|Any CPU
		{F17E67B0-3133-4138-8645-6B1E94253421}.Debug|Any CPU.Build.0 = Debug|Any CPU
		{F17E67B0-3133-4138-8645-6B1E94253421}.Release|Any CPU.ActiveCfg = Release|Any CPU
		{F17E67B0-3133-4138-8645-6B1E94253421}.Release|Any CPU.Build.0 = Release|Any CPU
	EndGlobalSection
	GlobalSection(SolutionProperties) = preSolution
		HideSolutionNode = FALSE
	EndGlobalSection
	GlobalSection(ExtensibilityGlobals) = postSolution
		SolutionGuid = {E47C4020-8F93-487A-964E-2FEF80561312}
	EndGlobalSection
EndGlobal
